# EXACT RESOLVED ENVIRONMENT for pi05_libero -- a LOCKFILE, not a spec.
#
# Its companion is pi05_libero_env.yml, and the two have different jobs:
#
#   pi05_libero_env.yml       WHAT to install and WHY. Loose where loose is safe,
#                             pinned only where a pin is load-bearing, and heavily
#                             commented. EDIT THAT FILE when you change a dependency.
#   pi05_libero_env.lock.yml  WHAT actually resolved, on the machine where the env
#                             is known to work. Every direct AND transitive version
#                             pinned. NEVER hand-edit this; regenerate it.
#
# Use the lock when you need the env to come back byte-for-byte (another box, a
# rebuild after an upgrade broke something, or bisecting "it worked last week").
# Use the spec when you are adding or moving a dependency.
#
#   conda env create -f models/pi05_libero/pi05_libero_env.lock.yml
#   conda activate pi05_libero
#   bash models/pi05_libero/setup_env.sh --osmesa-only
#   printf 'N\n' | python -c "import libero.libero"
#
# THE TWO STEPS THIS FILE STILL CANNOT EXPRESS are the same two the spec calls out,
# and a lockfile does not make them go away:
#   1. libOSMesa is not on conda-forge. setup_env.sh downloads Ubuntu's libosmesa6
#      (no sudo) and drops libOSMesa.so.8 into $CONDA_PREFIX/lib.
#   2. Headless rendering needs MUJOCO_GL=osmesa, PYOPENGL_PLATFORM=osmesa and
#      LD_LIBRARY_PATH=$CONDA_PREFIX/lib exported at runtime.
#
# REGENERATE (from the repo root, with the env working):
#   conda env export -n pi05_libero        # conda section, with build strings
#   conda run -n pi05_libero pip list --format=freeze
# then re-apply the three edits noted inline below (libero, torch index, conda-owned
# packages). Those edits are why this is not a raw `conda env export` dump.
#
# Captured 2026-08-11 on linux-64, python 3.11.15, from a pi05_libero env that runs
# both the FPGA model and the LIBERO simulator in one process.
# -----------------------------------------------------------------------------

name: pi05_libero

channels:
  - conda-forge

dependencies:
  # Build strings included deliberately: conda-forge rebuilds within a version, and
  # a rebuilt mesalib is exactly the kind of thing that silently changes rendering.
  - _openmp_mutex=4.5=20_gnu
  - bzip2=1.0.8=hda65f42_10
  - ca-certificates=2026.7.22=hbd8a1cb_0
  - icu=78.3=h54a6638_2
  - ld_impl_linux-64=2.46.1=default_hbd61a6d_102
  - libdrm=2.4.127=hb03c661_1
  - libegl=1.7.0=ha4b6fd6_3
  - libexpat=2.8.1=hecca717_1
  - libffi=3.5.2=h3435931_0
  - libgcc=16.1.0=ha9f2e26_1
  - libglu=9.0.3=h5888daf_1
  - libglvnd=1.7.0=ha4b6fd6_3
  - libglx=1.7.0=ha4b6fd6_3
  - libgomp=16.1.0=he0feb66_1
  - libiconv=1.18=h3b78370_2
  - libllvm22=22.1.8=hf7376ad_1
  - liblzma=5.8.3=hb03c661_1
  - libnsl=2.0.1=hb9d3cd8_1
  - libopengl=1.7.0=ha4b6fd6_3
  - libpciaccess=0.19=hb03c661_1
  - libsqlite=3.53.4=hf4e2dac_0
  - libstdcxx=16.1.0=h934c35e_1
  - libuuid=2.42.2=h5347b49_0
  - libxcb=1.17.0=h8a09558_0
  - libxcrypt=4.4.38=h280c20c_0
  - libxml2=2.15.3=h49c6c72_0
  - libxml2-16=2.15.3=hca6bf5a_0
  - libzlib=1.3.2=h25fd6f3_3
  # llvmpipe is the software rasterizer everything actually renders through here.
  - mesa-lavapipe=26.1.6=h8cca3c9_0
  - mesa-llvmpipe=26.1.6=h8cca3c9_0
  - mesalib=26.1.6=hf08178c_0
  - ncurses=6.6=hdb14827_1
  - openssl=3.6.3=h35e630c_1
  - packaging=26.3=pyhc364b38_0
  - pip=26.2.1=pyh8b19718_0
  - pthread-stubs=0.4=hb03c661_1003
  - python=3.11.15=h7508c33_1_cpython
  - readline=8.3=h853b02a_0
  - setuptools=84.0.0=pyh332efcf_0
  - spirv-tools=2026.2=hb700be7_3
  - tk=8.6.13=noxft_hd70dff1_3
  - tzdata=2026c=h151e31d_0
  - wheel=0.47.0=pyhd8ed1ab_0
  - xorg-libx11=1.8.13=he1eb515_0
  - xorg-libxau=1.0.12=hb03c661_2
  - xorg-libxdmcp=1.1.5=hb03c661_2
  - xorg-libxext=1.3.7=hb03c661_0
  - xorg-libxrandr=1.5.5=hb03c661_0
  - xorg-libxrender=0.9.12=hb9d3cd8_0
  - xorg-libxshmfence=1.3.3=hb9d3cd8_0
  - xorg-libxxf86vm=1.1.7=hb03c661_0
  - zstd=1.5.7=hb78ec9c_6

  - pip:
      # EDIT 1 of 3 vs. a raw `pip list` dump: torch/torchvision/torchaudio resolved
      # as +cpu local-version wheels, which only exist on PyTorch's own index. Without
      # this line the pins below are unsatisfiable.
      - --extra-index-url https://download.pytorch.org/whl/cpu

      # ---- unified-engine base (CPU wheels; the model runs on the FPGA) ----------
      - torch==2.7.1+cpu
      - torchvision==0.22.1+cpu
      - torchaudio==2.7.1+cpu
      # numpy<2 is the pin the whole file hangs off: robosuite/gym 0.25 break on 2.x,
      # and it is what lets the simulator and user_dma_core share one interpreter.
      - numpy==1.26.4
      - transformers==4.57.6
      - tokenizers==0.22.2
      - huggingface_hub==0.36.2
      - hf-xet==1.6.0
      - safetensors==0.8.0
      - sentencepiece==0.2.2
      - pillow==12.3.0
      - soundfile==0.14.0
      - regex==2026.7.19
      - filelock==3.32.2
      - fsspec==2026.7.0
      - Jinja2==3.1.6
      - MarkupSafe==3.0.3
      - mpmath==1.3.0
      - networkx==3.6.1
      - sympy==1.14.0
      - typing_extensions==4.16.0

      # ---- one-time weight export: orbax checkpoint -> weights_export/*.npy ------
      # openpi's own resolution set, known-good together AND with numpy<2.
      # pi05_ckpt_noopenpi.py reproduces the only two things the export needed
      # openpi for, so openpi itself is deliberately absent.
      - jax==0.5.3
      - jaxlib==0.5.3
      - flax==0.10.2
      - orbax-checkpoint==0.11.13
      - ml-dtypes==0.4.1
      - tensorstore==0.1.74
      - optax==0.2.8
      - absl-py==2.5.0
      - dm-tree==0.1.10
      - etils==1.14.0
      - humanize==4.16.0
      - msgpack==1.2.1
      - nest-asyncio==1.6.0
      - opt_einsum==3.4.0
      - protobuf==7.35.1
      - simplejson==4.1.1
      - typeguard==4.6.0

      # ---- LIBERO simulator (robosuite / mujoco) --------------------------------
      - robosuite==1.4.1
      - mujoco==3.2.3
      - bddl==1.0.1
      - gym==0.25.2
      - gym-notices==0.1.0
      - glfw==2.10.2
      - PyOpenGL==3.1.10
      - opencv-python==4.11.0.86
      - ImageIO==2.37.4
      - imageio-ffmpeg==0.6.0
      - numba==0.66.0
      - llvmlite==0.48.0
      - scipy==1.17.1
      - matplotlib==3.11.1
      - contourpy==1.3.3
      - cycler==0.12.1
      - fonttools==4.63.0
      - kiwisolver==1.5.0
      - pyparsing==3.3.2
      - python-dateutil==2.9.0.post0
      - easydict==1.13
      - future==1.0.0
      - einops==0.8.2
      - cloudpickle==3.1.2
      - termcolor==3.3.0
      - pynput==1.8.2
      - python-xlib==0.33
      - evdev==1.9.3

      # ---- libero_eval.py runtime ------------------------------------------------
      - openpi-client==0.1.2        # a REAL package (websocket policy client), not openpi
      - websockets==17.0.1
      - tyro==1.0.15
      - docstring_parser==0.18.0
      - rich==15.0.0
      - Pygments==2.20.0
      - markdown-it-py==4.2.0
      - mdurl==0.1.2

      # ---- transitive / tooling --------------------------------------------------
      - attrs==26.1.0
      - certifi==2026.7.22
      - cffi==2.1.1
      - charset-normalizer==3.4.9
      - fastjsonschema==2.22.1
      - idna==3.18
      - iniconfig==2.3.0
      - jsonschema==4.26.0
      - jsonschema-specifications==2025.9.1
      - jupyter_core==5.9.1
      - jupytext==1.19.5
      - mdit-py-plugins==0.6.1
      - nbformat==5.11.0
      - platformdirs==4.11.2
      - pluggy==1.6.0
      - pycparser==3.0
      - pytest==9.1.1
      - PyYAML==6.0.3
      - referencing==0.37.0
      - requests==2.34.2
      - rpds-py==2026.6.3
      - six==1.17.0
      - tqdm==4.70.0
      - traitlets==5.16.1
      - urllib3==2.7.0
      - wrapt==2.3.0
      - zipp==4.1.0

      # EDIT 2 of 3: `pip list` reports this as a flat `libero==0.1.0`. Installing it
      # that way is the exact failure the spec documents at length -- LIBERO is a
      # PEP 420 namespace package with no libero/__init__.py, so find_packages()
      # returns [] and pip cheerfully installs a ~5.5 KB metadata-only wheel. Plain
      # `-e` (PEP 660) fails the same way with MAPPING = {}. Only
      # editable_mode=compat works, via the legacy .pth mechanism.
      # There is no commit pin here because upstream publishes no tags; if you need
      # true reproducibility, append @<sha> to the URL.
      # ALWAYS verify with: python -c "import libero.libero"
      - -e git+https://github.com/Lifelong-Robot-Learning/LIBERO.git#egg=libero --config-settings editable_mode=compat

# EDIT 3 of 3: packaging, pip, setuptools and wheel appear in BOTH `pip list` and the
# conda section above. They are listed only under conda here -- pinning them in both
# places lets pip fight conda over the same files on env creation.
